
Microsoft Visual Studio Solution File, Format Version 12.00
# Visual Studio Version 17
VisualStudioVersion = 17.5.002.0
MinimumVisualStudioVersion = 10.0.40219.1
Project("{2150E333-8FDC-42A3-9474-1A3956D46DE8}") = "csharp-prep", "csharp-prep", "{9B158140-98E4-4820-B2C5-B86229513241}"
EndProject
Project("{9A19103F-16F7-4668-BE54-9A1E7A4F7556}") = "Prep1", "csharp-prep\Prep1\Prep1.csproj", "{D8A27BDA-1893-4E81-BDEC-7036D9BA2DAA}"
EndProject
Project("{9A19103F-16F7-4668-BE54-9A1E7A4F7556}") = "Prep2", "csharp-prep\Prep2\Prep2.csproj", "{013CDBED-E4D1-4573-AB9A-DD81D2CB89E0}"
EndProject
Project("{9A19103F-16F7-4668-BE54-9A1E7A4F7556}") = "Prep3", "csharp-prep\Prep3\Prep3.csproj", "{8A2B0157-4197-4F8F-9DDC-AE20335633CD}"
EndProject
Project("{9A19103F-16F7-4668-BE54-9A1E7A4F7556}") = "Prep4", "csharp-prep\Prep4\Prep4.csproj", "{40E5D56C-ADD5-4426-888C-2628AD768CC7}"
EndProject
Project("{9A19103F-16F7-4668-BE54-9A1E7A4F7556}") = "Prep5", "csharp-prep\Prep5\Prep5.csproj", "{2472C5E6-F44B-42A8-A383-B26CE95B2107}"
EndProject
Project("{2150E333-8FDC-42A3-9474-1A3956D46DE8}") = "final", "final", "{3EAD01EE-990B-42D6-BB32-5054CD541A4B}"
EndProject
Project("{9A19103F-16F7-4668-BE54-9A1E7A4F7556}") = "FinalProject", "final\FinalProject\FinalProject.csproj", "{F5211035-5504-4DA2-A014-481F9CB45D2E}"
EndProject
Project("{9A19103F-16F7-4668-BE54-9A1E7A4F7556}") = "Foundation1", "final\Foundation1\Foundation1.csproj", "{CDC12815-2D0D-4AB9-90C7-BD0C7A342E31}"
EndProject
Project("{9A19103F-16F7-4668-BE54-9A1E7A4F7556}") = "Foundation2", "final\Foundation2\Foundation2.csproj", "{3702B3DB-7C18-48DC-AB41-F7EE437DF5CE}"
EndProject
Project("{9A19103F-16F7-4668-BE54-9A1E7A4F7556}") = "Foundation3", "final\Foundation3\Foundation3.csproj", "{F0576931-630A-4D82-BA35-E10CC731E2BF}"
EndProject
Project("{9A19103F-16F7-4668-BE54-9A1E7A4F7556}") = "Foundation4", "final\Foundation4\Foundation4.csproj", "{817B2D31-CD02-4609-BDFF-74887268C482}"
EndProject
Project("{2150E333-8FDC-42A3-9474-1A3956D46DE8}") = "prepare", "prepare", "{2CBFF831-492D-4CA8-883D-958A04CB84F8}"
EndProject
Project("{9A19103F-16F7-4668-BE54-9A1E7A4F7556}") = "Learning02", "prepare\Learning02\Learning02.csproj", "{4AF84DD0-5630-497E-9FFC-414C45615915}"
EndProject
Project("{9A19103F-16F7-4668-BE54-9A1E7A4F7556}") = "Learning03", "prepare\Learning03\Learning03.csproj", "{AB8D5E57-8200-405B-A19C-37C4F2A49DE8}"
EndProject
Project("{9A19103F-16F7-4668-BE54-9A1E7A4F7556}") = "Learning04", "prepare\Learning04\Learning04.csproj", "{40987E52-2A27-4E8C-9AAE-81393EB3C37B}"
EndProject
Project("{9A19103F-16F7-4668-BE54-9A1E7A4F7556}") = "Learning05", "prepare\Learning05\Learning05.csproj", "{9108CE9A-5E30-407C-9F2C-BEDC5693733F}"
EndProject
Project("{2150E333-8FDC-42A3-9474-1A3956D46DE8}") = "prove", "prove", "{9356F037-E792-4BE7-A36F-AC3FC9E079E6}"
EndProject
Project("{9A19103F-16F7-4668-BE54-9A1E7A4F7556}") = "Develop02", "prove\Develop02\Develop02.csproj", "{6A67B0E4-6756-4766-99BF-955B285A724A}"
EndProject
Project("{9A19103F-16F7-4668-BE54-9A1E7A4F7556}") = "Develop03", "prove\Develop03\Develop03.csproj", "{BD33C097-2E9A-4828-8D39-F0705C1103FC}"
EndProject
Project("{9A19103F-16F7-4668-BE54-9A1E7A4F7556}") = "Develop04", "prove\Develop04\Develop04.csproj", "{02B07834-64FB-4849-9C9D-C91C9480BC09}"
EndProject
Project("{9A19103F-16F7-4668-BE54-9A1E7A4F7556}") = "Develop05", "prove\Develop05\Develop05.csproj", "{BB3541EF-47BD-44B2-8E53-EDAE91E68234}"
EndProject
Project("{2150E333-8FDC-42A3-9474-1A3956D46DE8}") = "sandbox", "sandbox", "{76475967-A3D2-4E2A-A9EC-3F07D6239DA7}"
EndProject
Project("{9A19103F-16F7-4668-BE54-9A1E7A4F7556}") = "Sandbox", "sandbox\Sandbox\Sandbox.csproj", "{C2A5047E-73FC-475E-97F9-42D8CDCED591}"
EndProject
Global
	GlobalSection(SolutionConfigurationPlatforms) = preSolution
		Debug|Any CPU = Debug|Any CPU
		Release|Any CPU = Release|Any CPU
	EndGlobalSection
	GlobalSection(ProjectConfigurationPlatforms) = postSolution
		{D8A27BDA-1893-4E81-BDEC-7036D9BA2DAA}.Debug|Any CPU.ActiveCfg = Debug|Any CPU
		{D8A27BDA-1893-4E81-BDEC-7036D9BA2DAA}.Debug|Any CPU.Build.0 = Debug|Any CPU
		{D8A27BDA-1893-4E81-BDEC-7036D9BA2DAA}.Release|Any CPU.ActiveCfg = Release|Any CPU
		{D8A27BDA-1893-4E81-BDEC-7036D9BA2DAA}.Release|Any CPU.Build.0 = Release|Any CPU
		{013CDBED-E4D1-4573-AB9A-DD81D2CB89E0}.Debug|Any CPU.ActiveCfg = Debug|Any CPU
		{013CDBED-E4D1-4573-AB9A-DD81D2CB89E0}.Debug|Any CPU.Build.0 = Debug|Any CPU
		{013CDBED-E4D1-4573-AB9A-DD81D2CB89E0}.Release|Any CPU.ActiveCfg = Release|Any CPU
		{013CDBED-E4D1-4573-AB9A-DD81D2CB89E0}.Release|Any CPU.Build.0 = Release|Any CPU
		{8A2B0157-4197-4F8F-9DDC-AE20335633CD}.Debug|Any CPU.ActiveCfg = Debug|Any CPU
		{8A2B0157-4197-4F8F-9DDC-AE20335633CD}.Debug|Any CPU.Build.0 = Debug|Any CPU
		{8A2B0157-4197-4F8F-9DDC-AE20335633CD}.Release|Any CPU.ActiveCfg = Release|Any CPU
		{8A2B0157-4197-4F8F-9DDC-AE20335633CD}.Release|Any CPU.Build.0 = Release|Any CPU
		{40E5D56C-ADD5-4426-888C-2628AD768CC7}.Debug|Any CPU.ActiveCfg = Debug|Any CPU
		{40E5D56C-ADD5-4426-888C-2628AD768CC7}.Debug|Any CPU.Build.0 = Debug|Any CPU
		{40E5D56C-ADD5-4426-888C-2628AD768CC7}.Release|Any CPU.ActiveCfg = Release|Any CPU
		{40E5D56C-ADD5-4426-888C-2628AD768CC7}.Release|Any CPU.Build.0 = Release|Any CPU
		{2472C5E6-F44B-42A8-A383-B26CE95B2107}.Debug|Any CPU.ActiveCfg = Debug|Any CPU
		{2472C5E6-F44B-42A8-A383-B26CE95B2107}.Debug|Any CPU.Build.0 = Debug|Any CPU
		{2472C5E6-F44B-42A8-A383-B26CE95B2107}.Release|Any CPU.ActiveCfg = Release|Any CPU
		{2472C5E6-F44B-42A8-A383-B26CE95B2107}.Release|Any CPU.Build.0 = Release|Any CPU
		{F5211035-5504-4DA2-A014-481F9CB45D2E}.Debug|Any CPU.ActiveCfg = Debug|Any CPU
		{F5211035-5504-4DA2-A014-481F9CB45D2E}.Debug|Any CPU.Build.0 = Debug|Any CPU
		{F5211035-5504-4DA2-A014-481F9CB45D2E}.Release|Any CPU.ActiveCfg = Release|Any CPU
		{F5211035-5504-4DA2-A014-481F9CB45D2E}.Release|Any CPU.Build.0 = Release|Any CPU
		{CDC12815-2D0D-4AB9-90C7-BD0C7A342E31}.Debug|Any CPU.ActiveCfg = Debug|Any CPU
		{CDC12815-2D0D-4AB9-90C7-BD0C7A342E31}.Debug|Any CPU.Build.0 = Debug|Any CPU
		{CDC12815-2D0D-4AB9-90C7-BD0C7A342E31}.Release|Any CPU.ActiveCfg = Release|Any CPU
		{CDC12815-2D0D-4AB9-90C7-BD0C7A342E31}.Release|Any CPU.Build.0 = Release|Any CPU
		{3702B3DB-7C18-48DC-AB41-F7EE437DF5CE}.Debug|Any CPU.ActiveCfg = Debug|Any CPU
		{3702B3DB-7C18-48DC-AB41-F7EE437DF5CE}.Debug|Any CPU.Build.0 = Debug|Any CPU
		{3702B3DB-7C18-48DC-AB41-F7EE437DF5CE}.Release|Any CPU.ActiveCfg = Release|Any CPU
		{3702B3DB-7C18-48DC-AB41-F7EE437DF5CE}.Release|Any CPU.Build.0 = Release|Any CPU
		{F0576931-630A-4D82-BA35-E10CC731E2BF}.Debug|Any CPU.ActiveCfg = Debug|Any CPU
		{F0576931-630A-4D82-BA35-E10CC731E2BF}.Debug|Any CPU.Build.0 = Debug|Any CPU
		{F0576931-630A-4D82-BA35-E10CC731E2BF}.Release|Any CPU.ActiveCfg = Release|Any CPU
		{F0576931-630A-4D82-BA35-E10CC731E2BF}.Release|Any CPU.Build.0 = Release|Any CPU
		{817B2D31-CD02-4609-BDFF-74887268C482}.Debug|Any CPU.ActiveCfg = Debug|Any CPU
		{817B2D31-CD02-4609-BDFF-74887268C482}.Debug|Any CPU.Build.0 = Debug|Any CPU
		{817B2D31-CD02-4609-BDFF-74887268C482}.Release|Any CPU.ActiveCfg = Release|Any CPU
		{817B2D31-CD02-4609-BDFF-74887268C482}.Release|Any CPU.Build.0 = Release|Any CPU
		{4AF84DD0-5630-497E-9FFC-414C45615915}.Debug|Any CPU.ActiveCfg = Debug|Any CPU
		{4AF84DD0-5630-497E-9FFC-414C45615915}.Debug|Any CPU.Build.0 = Debug|Any CPU
		{4AF84DD0-5630-497E-9FFC-414C45615915}.Release|Any CPU.ActiveCfg = Release|Any CPU
		{4AF84DD0-5630-497E-9FFC-414C45615915}.Release|Any CPU.Build.0 = Release|Any CPU
		{AB8D5E57-8200-405B-A19C-37C4F2A49DE8}.Debug|Any CPU.ActiveCfg = Debug|Any CPU
		{AB8D5E57-8200-405B-A19C-37C4F2A49DE8}.Debug|Any CPU.Build.0 = Debug|Any CPU
		{AB8D5E57-8200-405B-A19C-37C4F2A49DE8}.Release|Any CPU.ActiveCfg = Release|Any CPU
		{AB8D5E57-8200-405B-A19C-37C4F2A49DE8}.Release|Any CPU.Build.0 = Release|Any CPU
		{40987E52-2A27-4E8C-9AAE-81393EB3C37B}.Debug|Any CPU.ActiveCfg = Debug|Any CPU
		{40987E52-2A27-4E8C-9AAE-81393EB3C37B}.Debug|Any CPU.Build.0 = Debug|Any CPU
		{40987E52-2A27-4E8C-9AAE-81393EB3C37B}.Release|Any CPU.ActiveCfg = Release|Any CPU
		{40987E52-2A27-4E8C-9AAE-81393EB3C37B}.Release|Any CPU.Build.0 = Release|Any CPU
		{9108CE9A-5E30-407C-9F2C-BEDC5693733F}.Debug|Any CPU.ActiveCfg = Debug|Any CPU
		{9108CE9A-5E30-407C-9F2C-BEDC5693733F}.Debug|Any CPU.Build.0 = Debug|Any CPU
		{9108CE9A-5E30-407C-9F2C-BEDC5693733F}.Release|Any CPU.ActiveCfg = Release|Any CPU
		{9108CE9A-5E30-407C-9F2C-BEDC5693733F}.Release|Any CPU.Build.0 = Release|Any CPU
		{6A67B0E4-6756-4766-99BF-955B285A724A}.Debug|Any CPU.ActiveCfg = Debug|Any CPU
		{6A67B0E4-6756-4766-99BF-955B285A724A}.Debug|Any CPU.Build.0 = Debug|Any CPU
		{6A67B0E4-6756-4766-99BF-955B285A724A}.Release|Any CPU.ActiveCfg = Release|Any CPU
		{6A67B0E4-6756-4766-99BF-955B285A724A}.Release|Any CPU.Build.0 = Release|Any CPU
		{BD33C097-2E9A-4828-8D39-F0705C1103FC}.Debug|Any CPU.ActiveCfg = Debug|Any CPU
		{BD33C097-2E9A-4828-8D39-F0705C1103FC}.Debug|Any CPU.Build.0 = Debug|Any CPU
		{BD33C097-2E9A-4828-8D39-F0705C1103FC}.Release|Any CPU.ActiveCfg = Release|Any CPU
		{BD33C097-2E9A-4828-8D39-F0705C1103FC}.Release|Any CPU.Build.0 = Release|Any CPU
		{02B07834-64FB-4849-9C9D-C91C9480BC09}.Debug|Any CPU.ActiveCfg = Debug|Any CPU
		{02B07834-64FB-4849-9C9D-C91C9480BC09}.Debug|Any CPU.Build.0 = Debug|Any CPU
		{02B07834-64FB-4849-9C9D-C91C9480BC09}.Release|Any CPU.ActiveCfg = Release|Any CPU
		{02B07834-64FB-4849-9C9D-C91C9480BC09}.Release|Any CPU.Build.0 = Release|Any CPU
		{BB3541EF-47BD-44B2-8E53-EDAE91E68234}.Debug|Any CPU.ActiveCfg = Debug|Any CPU
		{BB3541EF-47BD-44B2-8E53-EDAE91E68234}.Debug|Any CPU.Build.0 = Debug|Any CPU
		{BB3541EF-47BD-44B2-8E53-EDAE91E68234}.Release|Any CPU.ActiveCfg = Release|Any CPU
		{BB3541EF-47BD-44B2-8E53-EDAE91E68234}.Release|Any CPU.Build.0 = Release|Any CPU
		{C2A5047E-73FC-475E-97F9-42D8CDCED591}.Debug|Any CPU.ActiveCfg = Debug|Any CPU
		{C2A5047E-73FC-475E-97F9-42D8CDCED591}.Debug|Any CPU.Build.0 = Debug|Any CPU
		{C2A5047E-73FC-475E-97F9-42D8CDCED591}.Release|Any CPU.ActiveCfg = Release|Any CPU
		{C2A5047E-73FC-475E-97F9-42D8CDCED591}.Release|Any CPU.Build.0 = Release|Any CPU
	EndGlobalSection
	GlobalSection(SolutionProperties) = preSolution
		HideSolutionNode = FALSE
	EndGlobalSection
	GlobalSection(NestedProjects) = preSolution
		{D8A27BDA-1893-4E81-BDEC-7036D9BA2DAA} = {9B158140-98E4-4820-B2C5-B86229513241}
		{013CDBED-E4D1-4573-AB9A-DD81D2CB89E0} = {9B158140-98E4-4820-B2C5-B86229513241}
		{8A2B0157-4197-4F8F-9DDC-AE20335633CD} = {9B158140-98E4-4820-B2C5-B86229513241}
		{40E5D56C-ADD5-4426-888C-2628AD768CC7} = {9B158140-98E4-4820-B2C5-B86229513241}
		{2472C5E6-F44B-42A8-A383-B26CE95B2107} = {9B158140-98E4-4820-B2C5-B86229513241}
		{F5211035-5504-4DA2-A014-481F9CB45D2E} = {3EAD01EE-990B-42D6-BB32-5054CD541A4B}
		{CDC12815-2D0D-4AB9-90C7-BD0C7A342E31} = {3EAD01EE-990B-42D6-BB32-5054CD541A4B}
		{3702B3DB-7C18-48DC-AB41-F7EE437DF5CE} = {3EAD01EE-990B-42D6-BB32-5054CD541A4B}
		{F0576931-630A-4D82-BA35-E10CC731E2BF} = {3EAD01EE-990B-42D6-BB32-5054CD541A4B}
		{817B2D31-CD02-4609-BDFF-74887268C482} = {3EAD01EE-990B-42D6-BB32-5054CD541A4B}
		{4AF84DD0-5630-497E-9FFC-414C45615915} = {2CBFF831-492D-4CA8-883D-958A04CB84F8}
		{AB8D5E57-8200-405B-A19C-37C4F2A49DE8} = {2CBFF831-492D-4CA8-883D-958A04CB84F8}
		{40987E52-2A27-4E8C-9AAE-81393EB3C37B} = {2CBFF831-492D-4CA8-883D-958A04CB84F8}
		{9108CE9A-5E30-407C-9F2C-BEDC5693733F} = {2CBFF831-492D-4CA8-883D-958A04CB84F8}
		{6A67B0E4-6756-4766-99BF-955B285A724A} = {9356F037-E792-4BE7-A36F-AC3FC9E079E6}
		{BD33C097-2E9A-4828-8D39-F0705C1103FC} = {9356F037-E792-4BE7-A36F-AC3FC9E079E6}
		{02B07834-64FB-4849-9C9D-C91C9480BC09} = {9356F037-E792-4BE7-A36F-AC3FC9E079E6}
		{BB3541EF-47BD-44B2-8E53-EDAE91E68234} = {9356F037-E792-4BE7-A36F-AC3FC9E079E6}
		{C2A5047E-73FC-475E-97F9-42D8CDCED591} = {76475967-A3D2-4E2A-A9EC-3F07D6239DA7}
	EndGlobalSection
	GlobalSection(ExtensibilityGlobals) = postSolution
		SolutionGuid = {317FE175-C547-4716-A592-25C3C913C2C8}
	EndGlobalSection
EndGlobal
